
Microsoft Visual Studio Solution File, Format Version 12.00
# Visual Studio Version 17
VisualStudioVersion = 17.2.32516.85
MinimumVisualStudioVersion = 10.0.40219.1
Project("{FAE04EC0-301F-11D3-BF4B-00C04F79EFBC}") = "APICursosGratuitos", "APICursosGratuitos.csproj", "{C5BD0DD8-7B54-47D4-909C-69B7AE8151DF}"
EndProject
Global
	GlobalSection(SolutionConfigurationPlatforms) = preSolution
		Debug|Any CPU = Debug|Any CPU
		Release|Any CPU = Release|Any CPU
	EndGlobalSection
	GlobalSection(ProjectConfigurationPlatforms) = postSolution
		{C5BD0DD8-7B54-47D4-909C-69B7AE8151DF}.Debug|Any CPU.ActiveCfg = Debug|Any CPU
		{C5BD0DD8-7B54-47D4-909C-69B7AE8151DF}.Debug|Any CPU.Build.0 = Debug|Any CPU
		{C5BD0DD8-7B54-47D4-909C-69B7AE8151DF}.Release|Any CPU.ActiveCfg = Release|Any CPU
		{C5BD0DD8-7B54-47D4-909C-69B7AE8151DF}.Release|Any CPU.Build.0 = Release|Any CPU
	EndGlobalSection
	GlobalSection(SolutionProperties) = preSolution
		HideSolutionNode = FALSE
	EndGlobalSection
	GlobalSection(ExtensibilityGlobals) = postSolution
		SolutionGuid = {DB3A5DA2-FF7B-4918-82B8-2A74E79DBD7A}
	EndGlobalSection
EndGlobal
